
Microsoft Visual Studio Solution File, Format Version 12.00
# Visual Studio Version 17
VisualStudioVersion = 17.7.34031.279
MinimumVisualStudioVersion = 10.0.40219.1
Project("{9A19103F-16F7-4668-BE54-9A1E7A4F7556}") = "WebAPITest", "WebAPITest.csproj", "{D335D8EF-7A4C-4B81-94AA-8F5D245F32FF}"
EndProject
Project("{FAE04EC0-301F-11D3-BF4B-00C04F79EFBC}") = "BlazorFront", "..\BlazorFront\BlazorFront.csproj", "{9626C9F1-53A3-4B43-865D-F6E42058C35E}"
EndProject
Global
	GlobalSection(SolutionConfigurationPlatforms) = preSolution
		Debug|Any CPU = Debug|Any CPU
		Release|Any CPU = Release|Any CPU
	EndGlobalSection
	GlobalSection(ProjectConfigurationPlatforms) = postSolution
		{D335D8EF-7A4C-4B81-94AA-8F5D245F32FF}.Debug|Any CPU.ActiveCfg = Debug|Any CPU
		{D335D8EF-7A4C-4B81-94AA-8F5D245F32FF}.Debug|Any CPU.Build.0 = Debug|Any CPU
		{D335D8EF-7A4C-4B81-94AA-8F5D245F32FF}.Release|Any CPU.ActiveCfg = Release|Any CPU
		{D335D8EF-7A4C-4B81-94AA-8F5D245F32FF}.Release|Any CPU.Build.0 = Release|Any CPU
		{9626C9F1-53A3-4B43-865D-F6E42058C35E}.Debug|Any CPU.ActiveCfg = Debug|Any CPU
		{9626C9F1-53A3-4B43-865D-F6E42058C35E}.Debug|Any CPU.Build.0 = Debug|Any CPU
		{9626C9F1-53A3-4B43-865D-F6E42058C35E}.Release|Any CPU.ActiveCfg = Release|Any CPU
		{9626C9F1-53A3-4B43-865D-F6E42058C35E}.Release|Any CPU.Build.0 = Release|Any CPU
	EndGlobalSection
	GlobalSection(SolutionProperties) = preSolution
		HideSolutionNode = FALSE
	EndGlobalSection
	GlobalSection(ExtensibilityGlobals) = postSolution
		SolutionGuid = {A48F4B37-2624-4869-B76F-42A643A362F4}
	EndGlobalSection
EndGlobal
